{
  "nodes": {
    "base-nixpkgs": {
      "inputs": {
        "flake-parts": "flake-parts",
        "stable": "stable",
        "unstable": "unstable"
      },
      "locked": {
        "dir": "base-nixpkgs",
        "lastModified": 1780190992,
        "narHash": "sha256-SjE3heUSCc/+3nVFMd1DyKwolLD7JBrgqD34y9XUpZM=",
        "owner": "ck3mp3r",
        "repo": "flakes",
        "rev": "fe44022fff060081989cdc07c00cea0ec3b3a5f9",
        "type": "github"
      },
      "original": {
        "dir": "base-nixpkgs",
        "owner": "ck3mp3r",
        "repo": "flakes",
        "type": "github"
      }
    },
    "base-nixpkgs_2": {
      "inputs": {
        "flake-parts": "flake-parts_3",
        "stable": "stable_2",
        "unstable": "unstable_2"
      },
      "locked": {
        "dir": "base-nixpkgs",
        "lastModified": 1780159410,
        "narHash": "sha256-loRVORaewhdBD/Akb+aVtYhTz6HxWRAoTPYzc6Wm7dI=",
        "owner": "ck3mp3r",
        "repo": "flakes",
        "rev": "18205fdc25b9a36898d28c982f980404e048eefc",
        "type": "github"
      },
      "original": {
        "dir": "base-nixpkgs",
        "owner": "ck3mp3r",
        "repo": "flakes",
        "type": "github"
      }
    },
    "base-nixpkgs_3": {
      "inputs": {
        "flake-parts": "flake-parts_5",
        "stable": "stable_3",
        "unstable": "unstable_3"
      },
      "locked": {
        "dir": "base-nixpkgs",
        "lastModified": 1780158994,
        "narHash": "sha256-WiwvzxvICOpu/A4FVw8h3cgux0aFzBUmhfopiDwz74A=",
        "owner": "ck3mp3r",
        "repo": "flakes",
        "rev": "ab1939fe920bb00c98029f66e84e62623a19449f",
        "type": "github"
      },
      "original": {
        "dir": "base-nixpkgs",
        "owner": "ck3mp3r",
        "repo": "flakes",
        "type": "github"
      }
    },
    "base-nixpkgs_4": {
      "inputs": {
        "flake-parts": "flake-parts_7",
        "stable": "stable_4",
        "unstable": "unstable_4"
      },
      "locked": {
        "dir": "base-nixpkgs",
        "lastModified": 1780190992,
        "narHash": "sha256-SjE3heUSCc/+3nVFMd1DyKwolLD7JBrgqD34y9XUpZM=",
        "owner": "ck3mp3r",
        "repo": "flakes",
        "rev": "fe44022fff060081989cdc07c00cea0ec3b3a5f9",
        "type": "github"
      },
      "original": {
        "dir": "base-nixpkgs",
        "owner": "ck3mp3r",
        "repo": "flakes",
        "type": "github"
      }
    },
    "base-nixpkgs_5": {
      "inputs": {
        "flake-parts": "flake-parts_9",
        "stable": "stable_5",
        "unstable": "unstable_5"
      },
      "locked": {
        "dir": "base-nixpkgs",
        "lastModified": 1780158994,
        "narHash": "sha256-WiwvzxvICOpu/A4FVw8h3cgux0aFzBUmhfopiDwz74A=",
        "owner": "ck3mp3r",
        "repo": "flakes",
        "rev": "ab1939fe920bb00c98029f66e84e62623a19449f",
        "type": "github"
      },
      "original": {
        "dir": "base-nixpkgs",
        "owner": "ck3mp3r",
        "repo": "flakes",
        "type": "github"
      }
    },
    "fenix": {
      "inputs": {
        "nixpkgs": [
          "rustnix",
          "nixpkgs"
        ],
        "rust-analyzer-src": "rust-analyzer-src"
      },
      "locked": {
        "lastModified": 1780130272,
        "narHash": "sha256-iCNBDsTLvD5pK9xCbd/Kl4NabrLRws6WVkiElGM9U1Q=",
        "owner": "nix-community",
        "repo": "fenix",
        "rev": "2118601eb824d47529307266d74e68dfd661c236",
        "type": "github"
      },
      "original": {
        "owner": "nix-community",
        "repo": "fenix",
        "type": "github"
      }
    },
    "flake-parts": {
      "inputs": {
        "nixpkgs-lib": "nixpkgs-lib"
      },
      "locked": {
        "lastModified": 1778716662,
        "narHash": "sha256-m1Yf0wZ8j1OHjTc2UwHwyQRSnNeSgLJOd7q5Y45hzi4=",
        "owner": "hercules-ci",
        "repo": "flake-parts",
        "rev": "f7c1a2d347e4c52d5fb8d10cb4d94b5884e546fb",
        "type": "github"
      },
      "original": {
        "owner": "hercules-ci",
        "repo": "flake-parts",
        "type": "github"
      }
    },
    "flake-parts_10": {
      "inputs": {
        "nixpkgs-lib": "nixpkgs-lib_8"
      },
      "locked": {
        "lastModified": 1778716662,
        "narHash": "sha256-m1Yf0wZ8j1OHjTc2UwHwyQRSnNeSgLJOd7q5Y45hzi4=",
        "owner": "hercules-ci",
        "repo": "flake-parts",
        "rev": "f7c1a2d347e4c52d5fb8d10cb4d94b5884e546fb",
        "type": "github"
      },
      "original": {
        "owner": "hercules-ci",
        "repo": "flake-parts",
        "type": "github"
      }
    },
    "flake-parts_2": {
      "inputs": {
        "nixpkgs-lib": [
          "nixpkgs"
        ]
      },
      "locked": {
        "lastModified": 1778716662,
        "narHash": "sha256-m1Yf0wZ8j1OHjTc2UwHwyQRSnNeSgLJOd7q5Y45hzi4=",
        "owner": "hercules-ci",
        "repo": "flake-parts",
        "rev": "f7c1a2d347e4c52d5fb8d10cb4d94b5884e546fb",
        "type": "github"
      },
      "original": {
        "owner": "hercules-ci",
        "repo": "flake-parts",
        "type": "github"
      }
    },
    "flake-parts_3": {
      "inputs": {
        "nixpkgs-lib": "nixpkgs-lib_2"
      },
      "locked": {
        "lastModified": 1778716662,
        "narHash": "sha256-m1Yf0wZ8j1OHjTc2UwHwyQRSnNeSgLJOd7q5Y45hzi4=",
        "owner": "hercules-ci",
        "repo": "flake-parts",
        "rev": "f7c1a2d347e4c52d5fb8d10cb4d94b5884e546fb",
        "type": "github"
      },
      "original": {
        "owner": "hercules-ci",
        "repo": "flake-parts",
        "type": "github"
      }
    },
    "flake-parts_4": {
      "inputs": {
        "nixpkgs-lib": [
          "nu-mods",
          "nixpkgs"
        ]
      },
      "locked": {
        "lastModified": 1778716662,
        "narHash": "sha256-m1Yf0wZ8j1OHjTc2UwHwyQRSnNeSgLJOd7q5Y45hzi4=",
        "owner": "hercules-ci",
        "repo": "flake-parts",
        "rev": "f7c1a2d347e4c52d5fb8d10cb4d94b5884e546fb",
        "type": "github"
      },
      "original": {
        "owner": "hercules-ci",
        "repo": "flake-parts",
        "type": "github"
      }
    },
    "flake-parts_5": {
      "inputs": {
        "nixpkgs-lib": "nixpkgs-lib_3"
      },
      "locked": {
        "lastModified": 1778716662,
        "narHash": "sha256-m1Yf0wZ8j1OHjTc2UwHwyQRSnNeSgLJOd7q5Y45hzi4=",
        "owner": "hercules-ci",
        "repo": "flake-parts",
        "rev": "f7c1a2d347e4c52d5fb8d10cb4d94b5884e546fb",
        "type": "github"
      },
      "original": {
        "owner": "hercules-ci",
        "repo": "flake-parts",
        "type": "github"
      }
    },
    "flake-parts_6": {
      "inputs": {
        "nixpkgs-lib": "nixpkgs-lib_4"
      },
      "locked": {
        "lastModified": 1778716662,
        "narHash": "sha256-m1Yf0wZ8j1OHjTc2UwHwyQRSnNeSgLJOd7q5Y45hzi4=",
        "owner": "hercules-ci",
        "repo": "flake-parts",
        "rev": "f7c1a2d347e4c52d5fb8d10cb4d94b5884e546fb",
        "type": "github"
      },
      "original": {
        "owner": "hercules-ci",
        "repo": "flake-parts",
        "type": "github"
      }
    },
    "flake-parts_7": {
      "inputs": {
        "nixpkgs-lib": "nixpkgs-lib_5"
      },
      "locked": {
        "lastModified": 1778716662,
        "narHash": "sha256-m1Yf0wZ8j1OHjTc2UwHwyQRSnNeSgLJOd7q5Y45hzi4=",
        "owner": "hercules-ci",
        "repo": "flake-parts",
        "rev": "f7c1a2d347e4c52d5fb8d10cb4d94b5884e546fb",
        "type": "github"
      },
      "original": {
        "owner": "hercules-ci",
        "repo": "flake-parts",
        "type": "github"
      }
    },
    "flake-parts_8": {
      "inputs": {
        "nixpkgs-lib": "nixpkgs-lib_6"
      },
      "locked": {
        "lastModified": 1778716662,
        "narHash": "sha256-m1Yf0wZ8j1OHjTc2UwHwyQRSnNeSgLJOd7q5Y45hzi4=",
        "owner": "hercules-ci",
        "repo": "flake-parts",
        "rev": "f7c1a2d347e4c52d5fb8d10cb4d94b5884e546fb",
        "type": "github"
      },
      "original": {
        "owner": "hercules-ci",
        "repo": "flake-parts",
        "type": "github"
      }
    },
    "flake-parts_9": {
      "inputs": {
        "nixpkgs-lib": "nixpkgs-lib_7"
      },
      "locked": {
        "lastModified": 1778716662,
        "narHash": "sha256-m1Yf0wZ8j1OHjTc2UwHwyQRSnNeSgLJOd7q5Y45hzi4=",
        "owner": "hercules-ci",
        "repo": "flake-parts",
        "rev": "f7c1a2d347e4c52d5fb8d10cb4d94b5884e546fb",
        "type": "github"
      },
      "original": {
        "owner": "hercules-ci",
        "repo": "flake-parts",
        "type": "github"
      }
    },
    "nixpkgs-lib": {
      "locked": {
        "lastModified": 1777168982,
        "narHash": "sha256-GOkGPcboWE9BmGCRMLX3worL4EMnsnG8MyKmXNeYuhQ=",
        "owner": "nix-community",
        "repo": "nixpkgs.lib",
        "rev": "f5901329dade4a6ea039af1433fb087bd9c1fe14",
        "type": "github"
      },
      "original": {
        "owner": "nix-community",
        "repo": "nixpkgs.lib",
        "type": "github"
      }
    },
    "nixpkgs-lib_2": {
      "locked": {
        "lastModified": 1777168982,
        "narHash": "sha256-GOkGPcboWE9BmGCRMLX3worL4EMnsnG8MyKmXNeYuhQ=",
        "owner": "nix-community",
        "repo": "nixpkgs.lib",
        "rev": "f5901329dade4a6ea039af1433fb087bd9c1fe14",
        "type": "github"
      },
      "original": {
        "owner": "nix-community",
        "repo": "nixpkgs.lib",
        "type": "github"
      }
    },
    "nixpkgs-lib_3": {
      "locked": {
        "lastModified": 1777168982,
        "narHash": "sha256-GOkGPcboWE9BmGCRMLX3worL4EMnsnG8MyKmXNeYuhQ=",
        "owner": "nix-community",
        "repo": "nixpkgs.lib",
        "rev": "f5901329dade4a6ea039af1433fb087bd9c1fe14",
        "type": "github"
      },
      "original": {
        "owner": "nix-community",
        "repo": "nixpkgs.lib",
        "type": "github"
      }
    },
    "nixpkgs-lib_4": {
      "locked": {
        "lastModified": 1777168982,
        "narHash": "sha256-GOkGPcboWE9BmGCRMLX3worL4EMnsnG8MyKmXNeYuhQ=",
        "owner": "nix-community",
        "repo": "nixpkgs.lib",
        "rev": "f5901329dade4a6ea039af1433fb087bd9c1fe14",
        "type": "github"
      },
      "original": {
        "owner": "nix-community",
        "repo": "nixpkgs.lib",
        "type": "github"
      }
    },
    "nixpkgs-lib_5": {
      "locked": {
        "lastModified": 1777168982,
        "narHash": "sha256-GOkGPcboWE9BmGCRMLX3worL4EMnsnG8MyKmXNeYuhQ=",
        "owner": "nix-community",
        "repo": "nixpkgs.lib",
        "rev": "f5901329dade4a6ea039af1433fb087bd9c1fe14",
        "type": "github"
      },
      "original": {
        "owner": "nix-community",
        "repo": "nixpkgs.lib",
        "type": "github"
      }
    },
    "nixpkgs-lib_6": {
      "locked": {
        "lastModified": 1777168982,
        "narHash": "sha256-GOkGPcboWE9BmGCRMLX3worL4EMnsnG8MyKmXNeYuhQ=",
        "owner": "nix-community",
        "repo": "nixpkgs.lib",
        "rev": "f5901329dade4a6ea039af1433fb087bd9c1fe14",
        "type": "github"
      },
      "original": {
        "owner": "nix-community",
        "repo": "nixpkgs.lib",
        "type": "github"
      }
    },
    "nixpkgs-lib_7": {
      "locked": {
        "lastModified": 1777168982,
        "narHash": "sha256-GOkGPcboWE9BmGCRMLX3worL4EMnsnG8MyKmXNeYuhQ=",
        "owner": "nix-community",
        "repo": "nixpkgs.lib",
        "rev": "f5901329dade4a6ea039af1433fb087bd9c1fe14",
        "type": "github"
      },
      "original": {
        "owner": "nix-community",
        "repo": "nixpkgs.lib",
        "type": "github"
      }
    },
    "nixpkgs-lib_8": {
      "locked": {
        "lastModified": 1777168982,
        "narHash": "sha256-GOkGPcboWE9BmGCRMLX3worL4EMnsnG8MyKmXNeYuhQ=",
        "owner": "nix-community",
        "repo": "nixpkgs.lib",
        "rev": "f5901329dade4a6ea039af1433fb087bd9c1fe14",
        "type": "github"
      },
      "original": {
        "owner": "nix-community",
        "repo": "nixpkgs.lib",
        "type": "github"
      }
    },
    "nu-mods": {
      "inputs": {
        "base-nixpkgs": "base-nixpkgs_2",
        "flake-parts": "flake-parts_4",
        "nixpkgs": [
          "nixpkgs"
        ],
        "topiary-nu": "topiary-nu"
      },
      "locked": {
        "lastModified": 1780190967,
        "narHash": "sha256-rL136rj3zdi99Va9t0XRMG40JnqqslH3eT1PjMgW56o=",
        "owner": "ck3mp3r",
        "repo": "nu-mods",
        "rev": "c2ed245ba652e725c917da0ced5798f7015938bb",
        "type": "github"
      },
      "original": {
        "owner": "ck3mp3r",
        "repo": "nu-mods",
        "type": "github"
      }
    },
    "root": {
      "inputs": {
        "base-nixpkgs": "base-nixpkgs",
        "flake-parts": "flake-parts_2",
        "nixpkgs": [
          "base-nixpkgs",
          "unstable"
        ],
        "nu-mods": "nu-mods",
        "rustnix": "rustnix",
        "topiary-nu": "topiary-nu_2"
      }
    },
    "rust-analyzer-src": {
      "flake": false,
      "locked": {
        "lastModified": 1780060635,
        "narHash": "sha256-k+iiE7EUc732hT7u1YP3omk9rCElKBbc5evooZSskwU=",
        "owner": "rust-lang",
        "repo": "rust-analyzer",
        "rev": "5ebf65ce47fc047e8a2772297f2ddd988ab86c32",
        "type": "github"
      },
      "original": {
        "owner": "rust-lang",
        "ref": "nightly",
        "repo": "rust-analyzer",
        "type": "github"
      }
    },
    "rustnix": {
      "inputs": {
        "base-nixpkgs": "base-nixpkgs_4",
        "fenix": "fenix",
        "flake-parts": "flake-parts_8",
        "nixpkgs": [
          "nixpkgs"
        ]
      },
      "locked": {
        "dir": "rustnix",
        "lastModified": 1780199268,
        "narHash": "sha256-vsc3rpW1ualn1TOAbaIv/iVhZFJD7PkcvCIKyAVClfw=",
        "owner": "ck3mp3r",
        "repo": "flakes",
        "rev": "acae6c54d1ff6f72f576f6f89bd456f7dcdae3ad",
        "type": "github"
      },
      "original": {
        "dir": "rustnix",
        "owner": "ck3mp3r",
        "repo": "flakes",
        "type": "github"
      }
    },
    "stable": {
      "locked": {
        "lastModified": 1780180721,
        "narHash": "sha256-bHHvsVgzvOE0SKJn2OB7LDKuiOpdkXS/eVqTiJDNVBI=",
        "owner": "nixos",
        "repo": "nixpkgs",
        "rev": "9396caa0b59af6a17cac62008a72255b25e1e9a8",
        "type": "github"
      },
      "original": {
        "owner": "nixos",
        "ref": "release-26.05",
        "repo": "nixpkgs",
        "type": "github"
      }
    },
    "stable_2": {
      "locked": {
        "lastModified": 1780157875,
        "narHash": "sha256-h22F7jNHYoLoae5uObWnTemVJDiMhpPV8AeWMZc2yx8=",
        "owner": "nixos",
        "repo": "nixpkgs",
        "rev": "30b7e6c47a9ddc49e777e8d2b1266ca48c7c5979",
        "type": "github"
      },
      "original": {
        "owner": "nixos",
        "ref": "release-26.05",
        "repo": "nixpkgs",
        "type": "github"
      }
    },
    "stable_3": {
      "locked": {
        "lastModified": 1780157875,
        "narHash": "sha256-h22F7jNHYoLoae5uObWnTemVJDiMhpPV8AeWMZc2yx8=",
        "owner": "nixos",
        "repo": "nixpkgs",
        "rev": "30b7e6c47a9ddc49e777e8d2b1266ca48c7c5979",
        "type": "github"
      },
      "original": {
        "owner": "nixos",
        "ref": "release-26.05",
        "repo": "nixpkgs",
        "type": "github"
      }
    },
    "stable_4": {
      "locked": {
        "lastModified": 1780180721,
        "narHash": "sha256-bHHvsVgzvOE0SKJn2OB7LDKuiOpdkXS/eVqTiJDNVBI=",
        "owner": "nixos",
        "repo": "nixpkgs",
        "rev": "9396caa0b59af6a17cac62008a72255b25e1e9a8",
        "type": "github"
      },
      "original": {
        "owner": "nixos",
        "ref": "release-26.05",
        "repo": "nixpkgs",
        "type": "github"
      }
    },
    "stable_5": {
      "locked": {
        "lastModified": 1780157875,
        "narHash": "sha256-h22F7jNHYoLoae5uObWnTemVJDiMhpPV8AeWMZc2yx8=",
        "owner": "nixos",
        "repo": "nixpkgs",
        "rev": "30b7e6c47a9ddc49e777e8d2b1266ca48c7c5979",
        "type": "github"
      },
      "original": {
        "owner": "nixos",
        "ref": "release-26.05",
        "repo": "nixpkgs",
        "type": "github"
      }
    },
    "topiary-nu": {
      "inputs": {
        "base-nixpkgs": "base-nixpkgs_3",
        "flake-parts": "flake-parts_6",
        "nixpkgs": [
          "nu-mods",
          "nixpkgs"
        ],
        "topiary-nushell": "topiary-nushell",
        "tree-sitter-nu": "tree-sitter-nu"
      },
      "locked": {
        "dir": "topiary-nu",
        "lastModified": 1780159410,
        "narHash": "sha256-loRVORaewhdBD/Akb+aVtYhTz6HxWRAoTPYzc6Wm7dI=",
        "owner": "ck3mp3r",
        "repo": "flakes",
        "rev": "18205fdc25b9a36898d28c982f980404e048eefc",
        "type": "github"
      },
      "original": {
        "dir": "topiary-nu",
        "owner": "ck3mp3r",
        "repo": "flakes",
        "type": "github"
      }
    },
    "topiary-nu_2": {
      "inputs": {
        "base-nixpkgs": "base-nixpkgs_5",
        "flake-parts": "flake-parts_10",
        "nixpkgs": [
          "nixpkgs"
        ],
        "topiary-nushell": "topiary-nushell_2",
        "tree-sitter-nu": "tree-sitter-nu_2"
      },
      "locked": {
        "dir": "topiary-nu",
        "lastModified": 1780190992,
        "narHash": "sha256-SjE3heUSCc/+3nVFMd1DyKwolLD7JBrgqD34y9XUpZM=",
        "owner": "ck3mp3r",
        "repo": "flakes",
        "rev": "fe44022fff060081989cdc07c00cea0ec3b3a5f9",
        "type": "github"
      },
      "original": {
        "dir": "topiary-nu",
        "owner": "ck3mp3r",
        "repo": "flakes",
        "type": "github"
      }
    },
    "topiary-nushell": {
      "flake": false,
      "locked": {
        "lastModified": 1772590084,
        "narHash": "sha256-fTfxSnVI7TY6vQhD+GimPBRJ4K0SyyVtoLcLGH3xIPc=",
        "owner": "blindFS",
        "repo": "topiary-nushell",
        "rev": "6e2f9b339a664a46e4015fa5d79e537807fefa39",
        "type": "github"
      },
      "original": {
        "owner": "blindFS",
        "repo": "topiary-nushell",
        "type": "github"
      }
    },
    "topiary-nushell_2": {
      "flake": false,
      "locked": {
        "lastModified": 1772590084,
        "narHash": "sha256-fTfxSnVI7TY6vQhD+GimPBRJ4K0SyyVtoLcLGH3xIPc=",
        "owner": "blindFS",
        "repo": "topiary-nushell",
        "rev": "6e2f9b339a664a46e4015fa5d79e537807fefa39",
        "type": "github"
      },
      "original": {
        "owner": "blindFS",
        "repo": "topiary-nushell",
        "type": "github"
      }
    },
    "tree-sitter-nu": {
      "flake": false,
      "locked": {
        "lastModified": 1776898620,
        "narHash": "sha256-OL3fqHjimJ9VrR2UoeIdLxKKcsA1J80A9T8GSBO9KwE=",
        "owner": "nushell",
        "repo": "tree-sitter-nu",
        "rev": "348b787d8b0409091d85fe9d4eb007fe9f3406bb",
        "type": "github"
      },
      "original": {
        "owner": "nushell",
        "repo": "tree-sitter-nu",
        "type": "github"
      }
    },
    "tree-sitter-nu_2": {
      "flake": false,
      "locked": {
        "lastModified": 1776898620,
        "narHash": "sha256-OL3fqHjimJ9VrR2UoeIdLxKKcsA1J80A9T8GSBO9KwE=",
        "owner": "nushell",
        "repo": "tree-sitter-nu",
        "rev": "348b787d8b0409091d85fe9d4eb007fe9f3406bb",
        "type": "github"
      },
      "original": {
        "owner": "nushell",
        "repo": "tree-sitter-nu",
        "type": "github"
      }
    },
    "unstable": {
      "locked": {
        "lastModified": 1780030872,
        "narHash": "sha256-u6WU/yd/o8iYQrHX3RAwO1hYa3LkoSL+WNQD0rJfJZQ=",
        "owner": "nixos",
        "repo": "nixpkgs",
        "rev": "e9a7635a57597d9754eccebdfc7045e6c8600e6b",
        "type": "github"
      },
      "original": {
        "owner": "nixos",
        "ref": "nixpkgs-unstable",
        "repo": "nixpkgs",
        "type": "github"
      }
    },
    "unstable_2": {
      "locked": {
        "lastModified": 1780030872,
        "narHash": "sha256-u6WU/yd/o8iYQrHX3RAwO1hYa3LkoSL+WNQD0rJfJZQ=",
        "owner": "nixos",
        "repo": "nixpkgs",
        "rev": "e9a7635a57597d9754eccebdfc7045e6c8600e6b",
        "type": "github"
      },
      "original": {
        "owner": "nixos",
        "ref": "nixpkgs-unstable",
        "repo": "nixpkgs",
        "type": "github"
      }
    },
    "unstable_3": {
      "locked": {
        "lastModified": 1780030872,
        "narHash": "sha256-u6WU/yd/o8iYQrHX3RAwO1hYa3LkoSL+WNQD0rJfJZQ=",
        "owner": "nixos",
        "repo": "nixpkgs",
        "rev": "e9a7635a57597d9754eccebdfc7045e6c8600e6b",
        "type": "github"
      },
      "original": {
        "owner": "nixos",
        "ref": "nixpkgs-unstable",
        "repo": "nixpkgs",
        "type": "github"
      }
    },
    "unstable_4": {
      "locked": {
        "lastModified": 1780030872,
        "narHash": "sha256-u6WU/yd/o8iYQrHX3RAwO1hYa3LkoSL+WNQD0rJfJZQ=",
        "owner": "nixos",
        "repo": "nixpkgs",
        "rev": "e9a7635a57597d9754eccebdfc7045e6c8600e6b",
        "type": "github"
      },
      "original": {
        "owner": "nixos",
        "ref": "nixpkgs-unstable",
        "repo": "nixpkgs",
        "type": "github"
      }
    },
    "unstable_5": {
      "locked": {
        "lastModified": 1780030872,
        "narHash": "sha256-u6WU/yd/o8iYQrHX3RAwO1hYa3LkoSL+WNQD0rJfJZQ=",
        "owner": "nixos",
        "repo": "nixpkgs",
        "rev": "e9a7635a57597d9754eccebdfc7045e6c8600e6b",
        "type": "github"
      },
      "original": {
        "owner": "nixos",
        "ref": "nixpkgs-unstable",
        "repo": "nixpkgs",
        "type": "github"
      }
    }
  },
  "root": "root",
  "version": 7
}
